hash: 57aa47552a3c9d58bb07de52419e0c8a2c667a6163b2179825f6cc0b5fae8365
updated: 2017-08-14T15:28:17.569296636+05:00
imports:
- name: github.com/fsnotify/fsnotify
  version: 4da3e2cfbabc9f751898f250b49f2439785783a1
- name: github.com/go-ozzo/ozzo-routing
  version: 4d63a23d3f8421c05db3999d8b0b765ed6a4bde4
  subpackages:
  - content
- name: github.com/go-redis/redis
  version: 89515eebd1b5761486abd32d9e84a8f55dda7740
  subpackages:
  - internal
  - internal/consistenthash
  - internal/hashtag
  - internal/pool
  - internal/proto
- name: github.com/golang/gddo
  version: 15156cc620204ad93b310a034ea46ae536d17da7
  subpackages:
  - httputil/header
- name: github.com/hashicorp/hcl
  version: c3e054bfd4dcf77b9965ed2b79b22afa2f41d4eb
  subpackages:
  - hcl/ast
  - hcl/parser
  - hcl/scanner
  - hcl/strconv
  - hcl/token
  - json/parser
  - json/scanner
  - json/token
- name: github.com/magiconair/properties
  version: be5ece7dd465ab0765a9682137865547526d1dfb
- name: github.com/mitchellh/mapstructure
  version: d0303fe809921458f417bcf828397a65db30a7e4
- name: github.com/pelletier/go-toml
  version: 69d355db5304c0f7f809a2edc054553e7142f016
- name: github.com/rs/zerolog
  version: 2ed2f2c974489526d10329dae76d0f175684109a
  subpackages:
  - internal/json
  - log
- name: github.com/spf13/afero
  version: 9be650865eab0c12963d8753212f4f9c66cdcf12
  subpackages:
  - mem
- name: github.com/spf13/cast
  version: acbeb36b902d72a7a4c18e8f3241075e7ab763e4
- name: github.com/spf13/jwalterweatherman
  version: 0efa5202c04663c757d84f90f5219c1250baf94f
- name: github.com/spf13/pflag
  version: e57e3eeb33f795204c1ca35f56c44f83227c6e66
- name: github.com/spf13/viper
  version: 25b30aa063fc18e48662b86996252eabdcf2f0c7
- name: golang.org/x/sys
  version: c84c1ab9fd18cdd4c23dd021c10f5f46dea95e46
  subpackages:
  - unix
- name: golang.org/x/text
  version: b19bf474d317b857955b12035d2c5acb57ce8b01
  subpackages:
  - transform
  - unicode/norm
- name: gopkg.in/mgo.v2
  version: 3f83fa5005286a7fe593b055f0d7771a7dce4655
  subpackages:
  - bson
  - internal/json
  - internal/sasl
  - internal/scram
- name: gopkg.in/yaml.v2
  version: eb3733d160e74a9c7e442f435eb3bea458e1d19f
testImports: []
